
Microsoft Visual Studio Solution File, Format Version 12.00
# Visual Studio Version 16
VisualStudioVersion = 16.0.29409.12
MinimumVisualStudioVersion = 10.0.40219.1
Project("{2150E333-8FDC-42A3-9474-1A3956D46DE8}") = "Ui", "Ui", "{03C65EC5-51A5-4437-9895-25812E9C934E}"
EndProject
Project("{2150E333-8FDC-42A3-9474-1A3956D46DE8}") = "Logic", "Logic", "{FE28A17C-C335-4B45-B32F-029E6D11CDCD}"
EndProject
Project("{2150E333-8FDC-42A3-9474-1A3956D46DE8}") = "Server", "Server", "{1726112C-7480-49C6-BA25-9FB8D3D64462}"
EndProject
Project("{9A19103F-16F7-4668-BE54-9A1E7A4F7556}") = "Server.Console", "Server\Server.Console\Server.Console.csproj", "{8913B429-AAEF-4C32-A5BF-362416F1DD33}"
EndProject
Project("{9A19103F-16F7-4668-BE54-9A1E7A4F7556}") = "Ui.Desktop", "Ui\Ui.Desktop\Ui.Desktop.csproj", "{2E3B61FF-61A3-45DF-8D6A-993CE708AE2D}"
EndProject
Project("{9A19103F-16F7-4668-BE54-9A1E7A4F7556}") = "Logic.ClientServer", "Logic\Logic.ClientServer\Logic.ClientServer.csproj", "{0A7FEB65-11F2-4BAD-BD41-C1C5796AE210}"
EndProject
Project("{9A19103F-16F7-4668-BE54-9A1E7A4F7556}") = "Logic.Ui", "Logic\Logic.Ui\Logic.Ui.csproj", "{C54DD897-0A7C-4C34-BF69-29BFC426C131}"
EndProject
Project("{2150E333-8FDC-42A3-9474-1A3956D46DE8}") = "Solution Items", "Solution Items", "{7E7217A4-56DE-425B-8DFD-5206F3FECB7B}"
	ProjectSection(SolutionItems) = preProject
		.github\workflows\release.yml = .github\workflows\release.yml
	EndProjectSection
EndProject
Global
	GlobalSection(SolutionConfigurationPlatforms) = preSolution
		Debug|Any CPU = Debug|Any CPU
		Debug|ARM = Debug|ARM
		Debug|ARM64 = Debug|ARM64
		Debug|x64 = Debug|x64
		Debug|x86 = Debug|x86
		Release|Any CPU = Release|Any CPU
		Release|ARM = Release|ARM
		Release|ARM64 = Release|ARM64
		Release|x64 = Release|x64
		Release|x86 = Release|x86
	EndGlobalSection
	GlobalSection(ProjectConfigurationPlatforms) = postSolution
		{8913B429-AAEF-4C32-A5BF-362416F1DD33}.Debug|Any CPU.ActiveCfg = Debug|Any CPU
		{8913B429-AAEF-4C32-A5BF-362416F1DD33}.Debug|Any CPU.Build.0 = Debug|Any CPU
		{8913B429-AAEF-4C32-A5BF-362416F1DD33}.Debug|ARM.ActiveCfg = Debug|Any CPU
		{8913B429-AAEF-4C32-A5BF-362416F1DD33}.Debug|ARM.Build.0 = Debug|Any CPU
		{8913B429-AAEF-4C32-A5BF-362416F1DD33}.Debug|ARM64.ActiveCfg = Debug|Any CPU
		{8913B429-AAEF-4C32-A5BF-362416F1DD33}.Debug|ARM64.Build.0 = Debug|Any CPU
		{8913B429-AAEF-4C32-A5BF-362416F1DD33}.Debug|x64.ActiveCfg = Debug|Any CPU
		{8913B429-AAEF-4C32-A5BF-362416F1DD33}.Debug|x64.Build.0 = Debug|Any CPU
		{8913B429-AAEF-4C32-A5BF-362416F1DD33}.Debug|x86.ActiveCfg = Debug|Any CPU
		{8913B429-AAEF-4C32-A5BF-362416F1DD33}.Debug|x86.Build.0 = Debug|Any CPU
		{8913B429-AAEF-4C32-A5BF-362416F1DD33}.Release|Any CPU.ActiveCfg = Release|Any CPU
		{8913B429-AAEF-4C32-A5BF-362416F1DD33}.Release|Any CPU.Build.0 = Release|Any CPU
		{8913B429-AAEF-4C32-A5BF-362416F1DD33}.Release|ARM.ActiveCfg = Release|Any CPU
		{8913B429-AAEF-4C32-A5BF-362416F1DD33}.Release|ARM.Build.0 = Release|Any CPU
		{8913B429-AAEF-4C32-A5BF-362416F1DD33}.Release|ARM64.ActiveCfg = Release|Any CPU
		{8913B429-AAEF-4C32-A5BF-362416F1DD33}.Release|ARM64.Build.0 = Release|Any CPU
		{8913B429-AAEF-4C32-A5BF-362416F1DD33}.Release|x64.ActiveCfg = Release|Any CPU
		{8913B429-AAEF-4C32-A5BF-362416F1DD33}.Release|x64.Build.0 = Release|Any CPU
		{8913B429-AAEF-4C32-A5BF-362416F1DD33}.Release|x86.ActiveCfg = Release|Any CPU
		{8913B429-AAEF-4C32-A5BF-362416F1DD33}.Release|x86.Build.0 = Release|Any CPU
		{2E3B61FF-61A3-45DF-8D6A-993CE708AE2D}.Debug|Any CPU.ActiveCfg = Debug|Any CPU
		{2E3B61FF-61A3-45DF-8D6A-993CE708AE2D}.Debug|Any CPU.Build.0 = Debug|Any CPU
		{2E3B61FF-61A3-45DF-8D6A-993CE708AE2D}.Debug|ARM.ActiveCfg = Debug|Any CPU
		{2E3B61FF-61A3-45DF-8D6A-993CE708AE2D}.Debug|ARM.Build.0 = Debug|Any CPU
		{2E3B61FF-61A3-45DF-8D6A-993CE708AE2D}.Debug|ARM64.ActiveCfg = Debug|Any CPU
		{2E3B61FF-61A3-45DF-8D6A-993CE708AE2D}.Debug|ARM64.Build.0 = Debug|Any CPU
		{2E3B61FF-61A3-45DF-8D6A-993CE708AE2D}.Debug|x64.ActiveCfg = Debug|Any CPU
		{2E3B61FF-61A3-45DF-8D6A-993CE708AE2D}.Debug|x64.Build.0 = Debug|Any CPU
		{2E3B61FF-61A3-45DF-8D6A-993CE708AE2D}.Debug|x86.ActiveCfg = Debug|Any CPU
		{2E3B61FF-61A3-45DF-8D6A-993CE708AE2D}.Debug|x86.Build.0 = Debug|Any CPU
		{2E3B61FF-61A3-45DF-8D6A-993CE708AE2D}.Release|Any CPU.ActiveCfg = Release|Any CPU
		{2E3B61FF-61A3-45DF-8D6A-993CE708AE2D}.Release|Any CPU.Build.0 = Release|Any CPU
		{2E3B61FF-61A3-45DF-8D6A-993CE708AE2D}.Release|ARM.ActiveCfg = Release|Any CPU
		{2E3B61FF-61A3-45DF-8D6A-993CE708AE2D}.Release|ARM.Build.0 = Release|Any CPU
		{2E3B61FF-61A3-45DF-8D6A-993CE708AE2D}.Release|ARM64.ActiveCfg = Release|Any CPU
		{2E3B61FF-61A3-45DF-8D6A-993CE708AE2D}.Release|ARM64.Build.0 = Release|Any CPU
		{2E3B61FF-61A3-45DF-8D6A-993CE708AE2D}.Release|x64.ActiveCfg = Release|Any CPU
		{2E3B61FF-61A3-45DF-8D6A-993CE708AE2D}.Release|x64.Build.0 = Release|Any CPU
		{2E3B61FF-61A3-45DF-8D6A-993CE708AE2D}.Release|x86.ActiveCfg = Release|Any CPU
		{2E3B61FF-61A3-45DF-8D6A-993CE708AE2D}.Release|x86.Build.0 = Release|Any CPU
		{0A7FEB65-11F2-4BAD-BD41-C1C5796AE210}.Debug|Any CPU.ActiveCfg = Debug|Any CPU
		{0A7FEB65-11F2-4BAD-BD41-C1C5796AE210}.Debug|Any CPU.Build.0 = Debug|Any CPU
		{0A7FEB65-11F2-4BAD-BD41-C1C5796AE210}.Debug|ARM.ActiveCfg = Debug|Any CPU
		{0A7FEB65-11F2-4BAD-BD41-C1C5796AE210}.Debug|ARM.Build.0 = Debug|Any CPU
		{0A7FEB65-11F2-4BAD-BD41-C1C5796AE210}.Debug|ARM64.ActiveCfg = Debug|Any CPU
		{0A7FEB65-11F2-4BAD-BD41-C1C5796AE210}.Debug|ARM64.Build.0 = Debug|Any CPU
		{0A7FEB65-11F2-4BAD-BD41-C1C5796AE210}.Debug|x64.ActiveCfg = Debug|Any CPU
		{0A7FEB65-11F2-4BAD-BD41-C1C5796AE210}.Debug|x64.Build.0 = Debug|Any CPU
		{0A7FEB65-11F2-4BAD-BD41-C1C5796AE210}.Debug|x86.ActiveCfg = Debug|Any CPU
		{0A7FEB65-11F2-4BAD-BD41-C1C5796AE210}.Debug|x86.Build.0 = Debug|Any CPU
		{0A7FEB65-11F2-4BAD-BD41-C1C5796AE210}.Release|Any CPU.ActiveCfg = Release|Any CPU
		{0A7FEB65-11F2-4BAD-BD41-C1C5796AE210}.Release|Any CPU.Build.0 = Release|Any CPU
		{0A7FEB65-11F2-4BAD-BD41-C1C5796AE210}.Release|ARM.ActiveCfg = Release|Any CPU
		{0A7FEB65-11F2-4BAD-BD41-C1C5796AE210}.Release|ARM.Build.0 = Release|Any CPU
		{0A7FEB65-11F2-4BAD-BD41-C1C5796AE210}.Release|ARM64.ActiveCfg = Release|Any CPU
		{0A7FEB65-11F2-4BAD-BD41-C1C5796AE210}.Release|ARM64.Build.0 = Release|Any CPU
		{0A7FEB65-11F2-4BAD-BD41-C1C5796AE210}.Release|x64.ActiveCfg = Release|Any CPU
		{0A7FEB65-11F2-4BAD-BD41-C1C5796AE210}.Release|x64.Build.0 = Release|Any CPU
		{0A7FEB65-11F2-4BAD-BD41-C1C5796AE210}.Release|x86.ActiveCfg = Release|Any CPU
		{0A7FEB65-11F2-4BAD-BD41-C1C5796AE210}.Release|x86.Build.0 = Release|Any CPU
		{C54DD897-0A7C-4C34-BF69-29BFC426C131}.Debug|Any CPU.ActiveCfg = Debug|Any CPU
		{C54DD897-0A7C-4C34-BF69-29BFC426C131}.Debug|Any CPU.Build.0 = Debug|Any CPU
		{C54DD897-0A7C-4C34-BF69-29BFC426C131}.Debug|ARM.ActiveCfg = Debug|Any CPU
		{C54DD897-0A7C-4C34-BF69-29BFC426C131}.Debug|ARM.Build.0 = Debug|Any CPU
		{C54DD897-0A7C-4C34-BF69-29BFC426C131}.Debug|ARM64.ActiveCfg = Debug|Any CPU
		{C54DD897-0A7C-4C34-BF69-29BFC426C131}.Debug|ARM64.Build.0 = Debug|Any CPU
		{C54DD897-0A7C-4C34-BF69-29BFC426C131}.Debug|x64.ActiveCfg = Debug|Any CPU
		{C54DD897-0A7C-4C34-BF69-29BFC426C131}.Debug|x64.Build.0 = Debug|Any CPU
		{C54DD897-0A7C-4C34-BF69-29BFC426C131}.Debug|x86.ActiveCfg = Debug|Any CPU
		{C54DD897-0A7C-4C34-BF69-29BFC426C131}.Debug|x86.Build.0 = Debug|Any CPU
		{C54DD897-0A7C-4C34-BF69-29BFC426C131}.Release|Any CPU.ActiveCfg = Release|Any CPU
		{C54DD897-0A7C-4C34-BF69-29BFC426C131}.Release|Any CPU.Build.0 = Release|Any CPU
		{C54DD897-0A7C-4C34-BF69-29BFC426C131}.Release|ARM.ActiveCfg = Release|Any CPU
		{C54DD897-0A7C-4C34-BF69-29BFC426C131}.Release|ARM.Build.0 = Release|Any CPU
		{C54DD897-0A7C-4C34-BF69-29BFC426C131}.Release|ARM64.ActiveCfg = Release|Any CPU
		{C54DD897-0A7C-4C34-BF69-29BFC426C131}.Release|ARM64.Build.0 = Release|Any CPU
		{C54DD897-0A7C-4C34-BF69-29BFC426C131}.Release|x64.ActiveCfg = Release|Any CPU
		{C54DD897-0A7C-4C34-BF69-29BFC426C131}.Release|x64.Build.0 = Release|Any CPU
		{C54DD897-0A7C-4C34-BF69-29BFC426C131}.Release|x86.ActiveCfg = Release|Any CPU
		{C54DD897-0A7C-4C34-BF69-29BFC426C131}.Release|x86.Build.0 = Release|Any CPU
	EndGlobalSection
	GlobalSection(SolutionProperties) = preSolution
		HideSolutionNode = FALSE
	EndGlobalSection
	GlobalSection(NestedProjects) = preSolution
		{8913B429-AAEF-4C32-A5BF-362416F1DD33} = {1726112C-7480-49C6-BA25-9FB8D3D64462}
		{2E3B61FF-61A3-45DF-8D6A-993CE708AE2D} = {03C65EC5-51A5-4437-9895-25812E9C934E}
		{0A7FEB65-11F2-4BAD-BD41-C1C5796AE210} = {FE28A17C-C335-4B45-B32F-029E6D11CDCD}
		{C54DD897-0A7C-4C34-BF69-29BFC426C131} = {FE28A17C-C335-4B45-B32F-029E6D11CDCD}
	EndGlobalSection
	GlobalSection(ExtensibilityGlobals) = postSolution
		SolutionGuid = {5D3588E8-8E06-40BC-A989-5D85B411BEDF}
	EndGlobalSection
EndGlobal
